
Microsoft Visual Studio Solution File, Format Version 12.00
# Visual Studio Version 17
VisualStudioVersion = 17.10.35122.118
MinimumVisualStudioVersion = 10.0.40219.1
Project("{9A19103F-16F7-4668-BE54-9A1E7A4F7556}") = "LibraryService", "Booklist\LibraryService.csproj", "{9D4A45F4-AFF8-4C07-9683-E53F06EC9176}"
EndProject
Project("{9A19103F-16F7-4668-BE54-9A1E7A4F7556}") = "DTOlayer", "DTOlayer\DTOlayer.csproj", "{959CEC9D-9744-4647-A844-AC155F17CDBA}"
EndProject
Global
	GlobalSection(SolutionConfigurationPlatforms) = preSolution
		Debug|Any CPU = Debug|Any CPU
		Release|Any CPU = Release|Any CPU
	EndGlobalSection
	GlobalSection(ProjectConfigurationPlatforms) = postSolution
		{9D4A45F4-AFF8-4C07-9683-E53F06EC9176}.Debug|Any CPU.ActiveCfg = Debug|Any CPU
		{9D4A45F4-AFF8-4C07-9683-E53F06EC9176}.Debug|Any CPU.Build.0 = Debug|Any CPU
		{9D4A45F4-AFF8-4C07-9683-E53F06EC9176}.Release|Any CPU.ActiveCfg = Release|Any CPU
		{9D4A45F4-AFF8-4C07-9683-E53F06EC9176}.Release|Any CPU.Build.0 = Release|Any CPU
		{959CEC9D-9744-4647-A844-AC155F17CDBA}.Debug|Any CPU.ActiveCfg = Debug|Any CPU
		{959CEC9D-9744-4647-A844-AC155F17CDBA}.Debug|Any CPU.Build.0 = Debug|Any CPU
		{959CEC9D-9744-4647-A844-AC155F17CDBA}.Release|Any CPU.ActiveCfg = Release|Any CPU
		{959CEC9D-9744-4647-A844-AC155F17CDBA}.Release|Any CPU.Build.0 = Release|Any CPU
	EndGlobalSection
	GlobalSection(SolutionProperties) = preSolution
		HideSolutionNode = FALSE
	EndGlobalSection
	GlobalSection(ExtensibilityGlobals) = postSolution
		SolutionGuid = {7333BAE2-1A27-4576-837E-5BAC4DE640DE}
	EndGlobalSection
EndGlobal
